Microsoft Visual Studio Solution File, Format Version 12.00
# Visual Studio Version 17
VisualStudioVersion = 17.5.2.0
MinimumVisualStudioVersion = 10.0.40219.1
Project("{FAE04EC0-301F-11D3-BF4B-00C04F79EFBC}") = "QuestionBankPOC", "QuestionBankPOC.csproj", "{8B6A2A62-AAD9-EA51-8D48-5282A8780E4A}"
EndProject
Global
	GlobalSection(SolutionConfigurationPlatforms) = preSolution
		Debug|Any CPU = Debug|Any CPU
		Release|Any CPU = Release|Any CPU
	EndGlobalSection
	GlobalSection(ProjectConfigurationPlatforms) = postSolution
		{8B6A2A62-AAD9-EA51-8D48-5282A8780E4A}.Debug|Any CPU.ActiveCfg = Debug|Any CPU
		{8B6A2A62-AAD9-EA51-8D48-5282A8780E4A}.Debug|Any CPU.Build.0 = Debug|Any CPU
		{8B6A2A62-AAD9-EA51-8D48-5282A8780E4A}.Release|Any CPU.ActiveCfg = Release|Any CPU
		{8B6A2A62-AAD9-EA51-8D48-5282A8780E4A}.Release|Any CPU.Build.0 = Release|Any CPU
	EndGlobalSection
	GlobalSection(SolutionProperties) = preSolution
		HideSolutionNode = FALSE
	EndGlobalSection
	GlobalSection(ExtensibilityGlobals) = postSolution
		SolutionGuid = {60EEEB3B-1407-414F-8A47-29F215FCA651}
	EndGlobalSection
EndGlobal
